
Microsoft Visual Studio Solution File, Format Version 12.00
Project("{FAE04EC0-301F-11D3-BF4B-00C04F79EFBC}") = "ULinkRPC-Sample-Server", "ULinkRPC-Sample-Server\ULinkRPC-Sample-Server.csproj", "{CE126B9D-8CF3-4A22-B89E-4396432BB527}"
EndProject
Project("{FAE04EC0-301F-11D3-BF4B-00C04F79EFBC}") = "Shared", "Shared\Shared.csproj", "{A398F763-F332-48EA-8A24-8D7D823E6785}"
EndProject
Global
	GlobalSection(SolutionConfigurationPlatforms) = preSolution
		Debug|Any CPU = Debug|Any CPU
		Debug|x64 = Debug|x64
		Debug|x86 = Debug|x86
		Release|Any CPU = Release|Any CPU
		Release|x64 = Release|x64
		Release|x86 = Release|x86
	EndGlobalSection
	GlobalSection(ProjectConfigurationPlatforms) = postSolution
		{CE126B9D-8CF3-4A22-B89E-4396432BB527}.Debug|Any CPU.ActiveCfg = Debug|Any CPU
		{CE126B9D-8CF3-4A22-B89E-4396432BB527}.Debug|Any CPU.Build.0 = Debug|Any CPU
		{CE126B9D-8CF3-4A22-B89E-4396432BB527}.Debug|x64.ActiveCfg = Debug|Any CPU
		{CE126B9D-8CF3-4A22-B89E-4396432BB527}.Debug|x64.Build.0 = Debug|Any CPU
		{CE126B9D-8CF3-4A22-B89E-4396432BB527}.Debug|x86.ActiveCfg = Debug|Any CPU
		{CE126B9D-8CF3-4A22-B89E-4396432BB527}.Debug|x86.Build.0 = Debug|Any CPU
		{CE126B9D-8CF3-4A22-B89E-4396432BB527}.Release|Any CPU.ActiveCfg = Release|Any CPU
		{CE126B9D-8CF3-4A22-B89E-4396432BB527}.Release|Any CPU.Build.0 = Release|Any CPU
		{CE126B9D-8CF3-4A22-B89E-4396432BB527}.Release|x64.ActiveCfg = Release|Any CPU
		{CE126B9D-8CF3-4A22-B89E-4396432BB527}.Release|x64.Build.0 = Release|Any CPU
		{CE126B9D-8CF3-4A22-B89E-4396432BB527}.Release|x86.ActiveCfg = Release|Any CPU
		{CE126B9D-8CF3-4A22-B89E-4396432BB527}.Release|x86.Build.0 = Release|Any CPU
		{A398F763-F332-48EA-8A24-8D7D823E6785}.Debug|Any CPU.ActiveCfg = Debug|Any CPU
		{A398F763-F332-48EA-8A24-8D7D823E6785}.Debug|Any CPU.Build.0 = Debug|Any CPU
		{A398F763-F332-48EA-8A24-8D7D823E6785}.Debug|x64.ActiveCfg = Debug|Any CPU
		{A398F763-F332-48EA-8A24-8D7D823E6785}.Debug|x64.Build.0 = Debug|Any CPU
		{A398F763-F332-48EA-8A24-8D7D823E6785}.Debug|x86.ActiveCfg = Debug|Any CPU
		{A398F763-F332-48EA-8A24-8D7D823E6785}.Debug|x86.Build.0 = Debug|Any CPU
		{A398F763-F332-48EA-8A24-8D7D823E6785}.Release|Any CPU.ActiveCfg = Release|Any CPU
		{A398F763-F332-48EA-8A24-8D7D823E6785}.Release|Any CPU.Build.0 = Release|Any CPU
		{A398F763-F332-48EA-8A24-8D7D823E6785}.Release|x64.ActiveCfg = Release|Any CPU
		{A398F763-F332-48EA-8A24-8D7D823E6785}.Release|x64.Build.0 = Release|Any CPU
		{A398F763-F332-48EA-8A24-8D7D823E6785}.Release|x86.ActiveCfg = Release|Any CPU
		{A398F763-F332-48EA-8A24-8D7D823E6785}.Release|x86.Build.0 = Release|Any CPU
	EndGlobalSection
	GlobalSection(SolutionProperties) = preSolution
		HideSolutionNode = FALSE
	EndGlobalSection
EndGlobal
